
Microsoft Visual Studio Solution File, Format Version 12.00
# Visual Studio Version 16
VisualStudioVersion = 16.0.29102.190
MinimumVisualStudioVersion = 10.0.40219.1
Project("{FAE04EC0-301F-11D3-BF4B-00C04F79EFBC}") = "task2", "task2\task2.csproj", "{0878E201-58E6-4733-8ECE-8FA1C74F70B2}"
EndProject
Project("{FAE04EC0-301F-11D3-BF4B-00C04F79EFBC}") = "task3", "task3\task3.csproj", "{4114414F-BAEA-4C7D-BB36-BCB60ECD56F7}"
EndProject
Project("{FAE04EC0-301F-11D3-BF4B-00C04F79EFBC}") = "task1", "task1\task1.csproj", "{1E85746F-E522-431A-A3F5-EA7614AE03FB}"
EndProject
Global
	GlobalSection(SolutionConfigurationPlatforms) = preSolution
		Debug|Any CPU = Debug|Any CPU
		Release|Any CPU = Release|Any CPU
	EndGlobalSection
	GlobalSection(ProjectConfigurationPlatforms) = postSolution
		{0878E201-58E6-4733-8ECE-8FA1C74F70B2}.Debug|Any CPU.ActiveCfg = Debug|Any CPU
		{0878E201-58E6-4733-8ECE-8FA1C74F70B2}.Debug|Any CPU.Build.0 = Debug|Any CPU
		{0878E201-58E6-4733-8ECE-8FA1C74F70B2}.Release|Any CPU.ActiveCfg = Release|Any CPU
		{0878E201-58E6-4733-8ECE-8FA1C74F70B2}.Release|Any CPU.Build.0 = Release|Any CPU
		{4114414F-BAEA-4C7D-BB36-BCB60ECD56F7}.Debug|Any CPU.ActiveCfg = Debug|Any CPU
		{4114414F-BAEA-4C7D-BB36-BCB60ECD56F7}.Debug|Any CPU.Build.0 = Debug|Any CPU
		{4114414F-BAEA-4C7D-BB36-BCB60ECD56F7}.Release|Any CPU.ActiveCfg = Release|Any CPU
		{4114414F-BAEA-4C7D-BB36-BCB60ECD56F7}.Release|Any CPU.Build.0 = Release|Any CPU
		{1E85746F-E522-431A-A3F5-EA7614AE03FB}.Debug|Any CPU.ActiveCfg = Debug|Any CPU
		{1E85746F-E522-431A-A3F5-EA7614AE03FB}.Debug|Any CPU.Build.0 = Debug|Any CPU
		{1E85746F-E522-431A-A3F5-EA7614AE03FB}.Release|Any CPU.ActiveCfg = Release|Any CPU
		{1E85746F-E522-431A-A3F5-EA7614AE03FB}.Release|Any CPU.Build.0 = Release|Any CPU
	EndGlobalSection
	GlobalSection(SolutionProperties) = preSolution
		HideSolutionNode = FALSE
	EndGlobalSection
	GlobalSection(ExtensibilityGlobals) = postSolution
		SolutionGuid = {8C0C1707-9222-4E98-94B1-4D2A37A79EFD}
	EndGlobalSection
EndGlobal
