
Microsoft Visual Studio Solution File, Format Version 12.00
# Visual Studio Version 16
VisualStudioVersion = 16.0.29102.190
MinimumVisualStudioVersion = 10.0.40219.1
Project("{FAE04EC0-301F-11D3-BF4B-00C04F79EFBC}") = "задание1(структура)", "num1\задание1(структура).csproj", "{A10098DC-836E-48E2-9DBC-E5B77F7CAB42}"
EndProject
Project("{FAE04EC0-301F-11D3-BF4B-00C04F79EFBC}") = "SumOddNumbers(задание2)", "SumOddNumbers\SumOddNumbers(задание2).csproj", "{03BC0639-FC40-41D4-A38E-BB7638688FF4}"
EndProject
Project("{FAE04EC0-301F-11D3-BF4B-00C04F79EFBC}") = "задание 1(класс)", "задание 1(класс)\задание 1(класс).csproj", "{BE3E6F44-D5C4-46BC-BB3C-FD606F1851FA}"
EndProject
Global
	GlobalSection(SolutionConfigurationPlatforms) = preSolution
		Debug|Any CPU = Debug|Any CPU
		Release|Any CPU = Release|Any CPU
	EndGlobalSection
	GlobalSection(ProjectConfigurationPlatforms) = postSolution
		{A10098DC-836E-48E2-9DBC-E5B77F7CAB42}.Debug|Any CPU.ActiveCfg = Debug|Any CPU
		{A10098DC-836E-48E2-9DBC-E5B77F7CAB42}.Debug|Any CPU.Build.0 = Debug|Any CPU
		{A10098DC-836E-48E2-9DBC-E5B77F7CAB42}.Release|Any CPU.ActiveCfg = Release|Any CPU
		{A10098DC-836E-48E2-9DBC-E5B77F7CAB42}.Release|Any CPU.Build.0 = Release|Any CPU
		{03BC0639-FC40-41D4-A38E-BB7638688FF4}.Debug|Any CPU.ActiveCfg = Debug|Any CPU
		{03BC0639-FC40-41D4-A38E-BB7638688FF4}.Debug|Any CPU.Build.0 = Debug|Any CPU
		{03BC0639-FC40-41D4-A38E-BB7638688FF4}.Release|Any CPU.ActiveCfg = Release|Any CPU
		{03BC0639-FC40-41D4-A38E-BB7638688FF4}.Release|Any CPU.Build.0 = Release|Any CPU
		{BE3E6F44-D5C4-46BC-BB3C-FD606F1851FA}.Debug|Any CPU.ActiveCfg = Debug|Any CPU
		{BE3E6F44-D5C4-46BC-BB3C-FD606F1851FA}.Debug|Any CPU.Build.0 = Debug|Any CPU
		{BE3E6F44-D5C4-46BC-BB3C-FD606F1851FA}.Release|Any CPU.ActiveCfg = Release|Any CPU
		{BE3E6F44-D5C4-46BC-BB3C-FD606F1851FA}.Release|Any CPU.Build.0 = Release|Any CPU
	EndGlobalSection
	GlobalSection(SolutionProperties) = preSolution
		HideSolutionNode = FALSE
	EndGlobalSection
	GlobalSection(ExtensibilityGlobals) = postSolution
		SolutionGuid = {AAD52B33-017E-4028-B1D4-56A779C58308}
	EndGlobalSection
EndGlobal
